
Microsoft Visual Studio Solution File, Format Version 12.00
# Visual Studio 14
VisualStudioVersion = 14.0.23107.0
MinimumVisualStudioVersion = 10.0.40219.1
Project("{FAE04EC0-301F-11D3-BF4B-00C04F79EFBC}") = "ArgumentParsing", "ArgumentParsing\ArgumentParsing.csproj", "{5C1D0B82-E799-4BC7-9451-27ABCBF242E1}"
EndProject
Project("{FAE04EC0-301F-11D3-BF4B-00C04F79EFBC}") = "ArgumentParsing.Tests", "ArgumentParsing.Tests\ArgumentParsing.Tests.csproj", "{49D8617A-7F23-4192-BC42-DD5588D5C5E7}"
EndProject
Global
	GlobalSection(SolutionConfigurationPlatforms) = preSolution
		Debug|Any CPU = Debug|Any CPU
		Release|Any CPU = Release|Any CPU
	EndGlobalSection
	GlobalSection(ProjectConfigurationPlatforms) = postSolution
		{5C1D0B82-E799-4BC7-9451-27ABCBF242E1}.Debug|Any CPU.ActiveCfg = Debug|Any CPU
		{5C1D0B82-E799-4BC7-9451-27ABCBF242E1}.Debug|Any CPU.Build.0 = Debug|Any CPU
		{5C1D0B82-E799-4BC7-9451-27ABCBF242E1}.Release|Any CPU.ActiveCfg = Release|Any CPU
		{5C1D0B82-E799-4BC7-9451-27ABCBF242E1}.Release|Any CPU.Build.0 = Release|Any CPU
		{49D8617A-7F23-4192-BC42-DD5588D5C5E7}.Debug|Any CPU.ActiveCfg = Debug|Any CPU
		{49D8617A-7F23-4192-BC42-DD5588D5C5E7}.Debug|Any CPU.Build.0 = Debug|Any CPU
		{49D8617A-7F23-4192-BC42-DD5588D5C5E7}.Release|Any CPU.ActiveCfg = Release|Any CPU
		{49D8617A-7F23-4192-BC42-DD5588D5C5E7}.Release|Any CPU.Build.0 = Release|Any CPU
	EndGlobalSection
	GlobalSection(SolutionProperties) = preSolution
		HideSolutionNode = FALSE
	EndGlobalSection
EndGlobal
